github.com/aws/aws-sdk-go-v2 v1.32.0 h1:GuHp7GvMN74PXD5C97KT5D87UhIy4bQPkflQKbfkndg=
github.com/aws/aws-sdk-go-v2 v1.32.0/go.mod h1:2SK5n0a2karNTv5tbP1SjsX0uhttou00v/HpXKM1ZUo=
github.com/aws/aws-sdk-go-v2/config v1.27.26 h1:T1kAefbKuNum/AbShMsZEro6eRkeOT8YILfE9wyjAYQ=
github.com/aws/aws-sdk-go-v2/config v1.27.26/go.mod h1:ivWHkAWFrw/nxty5Fku7soTIVdqZaZ7dw+tc5iGW3GA=
github.com/aws/aws-sdk-go-v2/credentials v1.17.26 h1:tsm8g/nJxi8+/7XyJJcP2dLrnK/5rkFp6+i2nhmz5fk=
github.com/aws/aws-sdk-go-v2/credentials v1.17.26/go.mod h1:3vAM49zkIa3q8WT6o9Ve5Z0vdByDMwmdScO0zvThTgI=
github.com/aws/aws-sdk-go-v2/feature/ec2/imds v1.16.11 h1:KreluoV8FZDEtI6Co2xuNk/UqI9iwMrOx/87PBNIKqw=
github.com/aws/aws-sdk-go-v2/feature/ec2/imds v1.16.11/go.mod h1:SeSUYBLsMYFoRvHE0Tjvn7kbxaUhl75CJi1sbfhMxkU=
github.com/aws/aws-sdk-go-v2/internal/configsources v1.3.19 h1:Q/k5wCeJkSWs+62kDfOillkNIJ5NqmE3iOfm48g/W8c=
github.com/aws/aws-sdk-go-v2/internal/configsources v1.3.19/go.mod h1:Wns1C66VvtA2Bv/cUBuKZKQKdjo7EVMhp90aAa+8oTI=
github.com/aws/aws-sdk-go-v2/internal/endpoints/v2 v2.6.19 h1:AYLE0lUfKvN6icFTR/p+NmD1amYKTbqHQ1Nm+jwE6BM=
github.com/aws/aws-sdk-go-v2/internal/endpoints/v2 v2.6.19/go.mod h1:1giLakj64GjuH1NBzF/DXqly5DWHtMTaOzRZ53nFX0I=
github.com/aws/aws-sdk-go-v2/internal/ini v1.8.0 h1:hT8rVHwugYE2lEfdFE0QWVo81lF7jMrYJVDWI+f+VxU=
github.com/aws/aws-sdk-go-v2/internal/ini v1.8.0/go.mod h1:8tu/lYfQfFe6IGnaOdrpVgEL2IrrDOf6/m9RQum4NkY=
github.com/aws/aws-sdk-go-v2/service/ec2 v1.181.0 h1:YzSOMQYRZQKuLz/bD6illIGwJfa1WFfeFAZM5Zr5LB8=
github.com/aws/aws-sdk-go-v2/service/ec2 v1.181.0/go.mod h1:CudaKF0Yu5+ZfKMiiPdtJ/kOOBty7CIEJUhESP52e9M=
github.com/aws/aws-sdk-go-v2/service/internal/accept-encoding v1.12.0 h1:TToQNkvGguu209puTojY/ozlqy2d/SFNcoLIqTFi42g=
github.com/aws/aws-sdk-go-v2/service/internal/accept-encoding v1.12.0/go.mod h1:0jp+ltwkf+SwG2fm/PKo8t4y8pJSgOCO4D8Lz3k0aHQ=
github.com/aws/aws-sdk-go-v2/service/internal/presigned-url v1.12.0 h1:AdbiDUgQZmM28rDIZbiSwFxz8+3B94aOXxzs6oH+EA0=
github.com/aws/aws-sdk-go-v2/service/internal/presigned-url v1.12.0/go.mod h1:uV476Bd80tiDTX4X2redMtagQUg65aU/gzPojSJ4kSI=
github.com/aws/aws-sdk-go-v2/service/sso v1.22.3 h1:Fv1vD2L65Jnp5QRsdiM64JvUM4Xe+E0JyVsRQKv6IeA=
github.com/aws/aws-sdk-go-v2/service/sso v1.22.3/go.mod h1:ooyCOXjvJEsUw7x+ZDHeISPMhtwI3ZCB7ggFMcFfWLU=
github.com/aws/aws-sdk-go-v2/service/ssooidc v1.26.4 h1:yiwVzJW2ZxZTurVbYWA7QOrAaCYQR72t0wrSBfoesUE=
github.com/aws/aws-sdk-go-v2/service/ssooidc v1.26.4/go.mod h1:0oxfLkpz3rQ/CHlx5hB7H69YUpFiI1tql6Q6Ne+1bCw=
github.com/aws/aws-sdk-go-v2/service/sts v1.30.3 h1:ZsDKRLXGWHk8WdtyYMoGNO7bTudrvuKpDKgMVRlepGE=
github.com/aws/aws-sdk-go-v2/service/sts v1.30.3/go.mod h1:zwySh8fpFyXp9yOr/KVzxOl8SRqgf/IDw5aUt9UKFcQ=
github.com/aws/smithy-go v1.22.0 h1:uunKnWlcoL3zO7q+gG2Pk53joueEOsnNB28QdMsmiMM=
github.com/aws/smithy-go v1.22.0/go.mod h1:irrKGvNn1InZwb2d7fkIRNucdfwR8R+Ts3wxYa/cJHg=
github.com/gdamore/encoding v1.0.0 h1:+7OoQ1Bc6eTm5niUzBa0Ctsh6JbMW6Ra+YNuAtDBdko=
github.com/gdamore/encoding v1.0.0/go.mod h1:alR0ol34c49FCSBLjhosxzcPHQbf2trDkoo5dl+VrEg=
github.com/gdamore/tcell/v2 v2.6.0 h1:OKbluoP9VYmJwZwq/iLb4BxwKcwGthaa1YNBJIyCySg=
github.com/gdamore/tcell/v2 v2.6.0/go.mod h1:be9omFATkdr0D9qewWW3d+MEvl5dha+Etb5y65J2H8Y=
github.com/google/go-cmp v0.6.0 h1:ofyhxvXcZhMsU5ulbFiLKl/XBFqE1GSq7atu8tAmTRI=
github.com/google/go-cmp v0.6.0/go.mod h1:17dUlkBOakJ0+DkrSSNjCkIjxS6bF9zb3elmeNGIjoY=
github.com/google/gofuzz v1.2.0 h1:xRy4A+RhZaiKjJ1bPfwQ8sedCA+YS2YcCHW6ec7JMi0=
github.com/google/gofuzz v1.2.0/go.mod h1:dBl0BpW6vV/+mYPU4Po3pmUjxk6FQPldtuIdl/M65Eg=
github.com/ktr0731/go-ansisgr v0.1.0 h1:fbuupput8739hQbEmZn1cEKjqQFwtCCZNznnF6ANo5w=
github.com/ktr0731/go-ansisgr v0.1.0/go.mod h1:G9lxwgBwH0iey0Dw5YQd7n6PmQTwTuTM/X5Sgm/UrzE=
github.com/ktr0731/go-fuzzyfinder v0.8.0 h1:+yobwo9lqZZ7jd1URPdCgZXTE2U1mpIVTkQoo4roi6w=
github.com/ktr0731/go-fuzzyfinder v0.8.0/go.mod h1:Bjpz5im+tppKE9Ii6UK1h+6RaX/lUvJ0ruO4LIYRkqo=
github.com/lucasb-eyer/go-colorful v1.2.0 h1:1nnpGOrhyZZuNyfu1QjKiUICQ74+3FNCN69Aj6K7nkY=
github.com/lucasb-eyer/go-colorful v1.2.0/go.mod h1:R4dSotOR9KMtayYi1e77YzuveK+i7ruzyGqttikkLy0=
github.com/mattn/go-runewidth v0.0.9/go.mod h1:H031xJmbD/WCDINGzjvQ9THkh0rPKHF+m2gUSrubnMI=
github.com/mattn/go-runewidth v0.0.14/go.mod h1:Jdepj2loyihRzMpdS35Xk/zdY8IAYHsh153qUoGf23w=
github.com/mattn/go-runewidth v0.0.15 h1:UNAjwbU9l54TA3KzvqLGxwWjHmMgBUVhBiTjelZgg3U=
github.com/mattn/go-runewidth v0.0.15/go.mod h1:Jdepj2loyihRzMpdS35Xk/zdY8IAYHsh153qUoGf23w=
github.com/nsf/termbox-go v1.1.1 h1:nksUPLCb73Q++DwbYUBEglYBRPZyoXJdrj5L+TkjyZY=
github.com/nsf/termbox-go v1.1.1/go.mod h1:T0cTdVuOwf7pHQNtfhnEbzHbcNyCEcVU4YPpouCbVxo=
github.com/pkg/errors v0.9.1 h1:FEBLx1zS214owpjy7qsBeixbURkuhQAwrK5UwLGTwt4=
github.com/pkg/errors v0.9.1/go.mod h1:bwawxfHBFNV+L2hUp1rHADufV3IMtnDRdf1r5NINEl0=
github.com/rivo/uniseg v0.2.0/go.mod h1:J6wj4VEh+S6ZtnVlnTBMWIodfgj8LQOQFoIToxlJtxc=
github.com/rivo/uniseg v0.4.3 h1:utMvzDsuh3suAEnhH0RdHmoPbU648o6CvXxTx4SBMOw=
github.com/rivo/uniseg v0.4.3/go.mod h1:FN3SvrM+Zdj16jyLfmOkMNblXMcoc8DfTHruCPUcx88=
github.com/yuin/goldmark v1.4.13/go.mod h1:6yULJ656Px+3vBD8DxQVa3kxgyrAnzto9xy5taEt/CY=
golang.org/x/crypto v0.0.0-20190308221718-c2843e01d9a2/go.mod h1:djNgcEr1/C05ACkg1iLfiJU5Ep61QUkGW8qpdssI0+w=
golang.org/x/crypto v0.0.0-20210921155107-089bfa567519/go.mod h1:GvvjBRRGRdwPK5ydBHafDWAxML/pGHZbMvKqRZ5+Abc=
golang.org/x/mod v0.6.0-dev.0.20220419223038-86c51ed26bb4/go.mod h1:jJ57K6gSWd91VN4djpZkiMVwK6gcyfeH4XE8wZrZaV4=
golang.org/x/net v0.0.0-20190620200207-3b0461eec859/go.mod h1:z5CRVTTTmAJ677TzLLGU+0bjPO0LkuOLi4/5GtJWs/s=
golang.org/x/net v0.0.0-20210226172049-e18ecbb05110/go.mod h1:m0MpNAwzfU5UDzcl9v0D8zg8gWTRqZa9RBIspLL5mdg=
golang.org/x/net v0.0.0-20220722155237-a158d28d115b/go.mod h1:XRhObCWvk6IyKnWLug+ECip1KBveYUHfp+8e9klMJ9c=
golang.org/x/sync v0.0.0-20190423024810-112230192c58/go.mod h1:RxMgew5VJxzue5/jJTE5uejpjVlOe/izrB70Jof72aM=
golang.org/x/sync v0.0.0-20220722155255-886fb9371eb4/go.mod h1:RxMgew5VJxzue5/jJTE5uejpjVlOe/izrB70Jof72aM=
golang.org/x/sys v0.0.0-20190215142949-d0b11bdaac8a/go.mod h1:STP8DvDyc/dI5b8T5hshtkjS+E42TnysNCUPdjciGhY=
golang.org/x/sys v0.0.0-20201119102817-f84b799fce68/go.mod h1:h1NjWce9XRLGQEsW7wpKNCjG9DtNlClVuFLEZdDNbEs=
golang.org/x/sys v0.0.0-20210615035016-665e8c7367d1/go.mod h1:oPkhp1MJrh7nUepCBck5+mAzfO9JrbApNNgaTdGDITg=
golang.org/x/sys v0.0.0-20220520151302-bc2c85ada10a/go.mod h1:oPkhp1MJrh7nUepCBck5+mAzfO9JrbApNNgaTdGDITg=
golang.org/x/sys v0.0.0-20220722155257-8c9f86f7a55f/go.mod h1:oPkhp1MJrh7nUepCBck5+mAzfO9JrbApNNgaTdGDITg=
golang.org/x/sys v0.5.0 h1:MUK/U/4lj1t1oPg0HfuXDN/Z1wv31ZJ/YcPiGccS4DU=
golang.org/x/sys v0.5.0/go.mod h1:oPkhp1MJrh7nUepCBck5+mAzfO9JrbApNNgaTdGDITg=
golang.org/x/term v0.0.0-20201126162022-7de9c90e9dd1/go.mod h1:bj7SfCRtBDWHUb9snDiAeCFNEtKQo2Wmx5Cou7ajbmo=
golang.org/x/term v0.0.0-20210927222741-03fcf44c2211/go.mod h1:jbD1KX2456YbFQfuXm/mYQcufACuNUgVhRMnK/tPxf8=
golang.org/x/term v0.5.0 h1:n2a8QNdAb0sZNpU9R1ALUXBbY+w51fCQDN+7EdxNBsY=
golang.org/x/term v0.5.0/go.mod h1:jMB1sMXY+tzblOD4FWmEbocvup2/aLOaQEp7JmGp78k=
golang.org/x/text v0.3.0/go.mod h1:NqM8EUOU14njkJ3fqMW+pc6Ldnwhi/IjpwHt7yyuwOQ=
golang.org/x/text v0.3.3/go.mod h1:5Zoc/QRtKVWzQhOtBMvqHzDpF6irO9z98xDceosuGiQ=
golang.org/x/text v0.3.7/go.mod h1:u+2+/6zg+i71rQMx5EYifcz6MCKuco9NR6JIITiCfzQ=
golang.org/x/text v0.7.0 h1:4BRB4x83lYWy72KwLD/qYDuTu7q9PjSagHvijDw7cLo=
golang.org/x/text v0.7.0/go.mod h1:mrYo+phRRbMaCq/xk9113O4dZlRixOauAjOtrjsXDZ8=
golang.org/x/tools v0.0.0-20180917221912-90fa682c2a6e/go.mod h1:n7NCudcB/nEzxVGmLbDWY5pfWTLqBcC2KZ6jyYvM4mQ=
golang.org/x/tools v0.0.0-20191119224855-298f0cb1881e/go.mod h1:b+2E5dAYhXwXZwtnZ6UAqBI28+e2cm9otk0dWdXHAEo=
golang.org/x/tools v0.1.12/go.mod h1:hNGJHUnrk76NpqgfD5Aqm5Crs+Hm0VOH/i9J2+nxYbc=
golang.org/x/xerrors v0.0.0-20190717185122-a985d3407aa7/go.mod h1:I/5z698sn9Ka8TeJc9MKroUUfqBBauWjQqLJ2OPfmY0=
